{
  "name": "daily-code-challenge",
  "version": "1.0.0",
  "lockfileVersion": 1,
  "requires": true,
  "dependencies": {
    "algorithm": {
      "version": "0.0.2",
      "resolved": "https://registry.npmjs.org/algorithm/-/algorithm-0.0.2.tgz",
      "integrity": "sha1-xJWY0ch7nw39RL5KwWTHZCIWrek="
    }
  }
}
